// !$*UTF8*$!
{
	archiveVersion = 1;
	classes = {
	};
	objectVersion = 50;
	objects = {

/* Begin PBXBuildFile section */
		510025132134329C00E8B65F /* AppDelegate.swift in Sources */ = {isa = PBXBuildFile; fileRef = 510025122134329C00E8B65F /* AppDelegate.swift */; };
		510025152134329C00E8B65F /* ViewController.swift in Sources */ = {isa = PBXBuildFile; fileRef = 510025142134329C00E8B65F /* ViewController.swift */; };
		510025182134329C00E8B65F /* Main.storyboard in Resources */ = {isa = PBXBuildFile; fileRef = 510025162134329C00E8B65F /* Main.storyboard */; };
		5100251A2134329E00E8B65F /* Assets.xcassets in Resources */ = {isa = PBXBuildFile; fileRef = 510025192134329E00E8B65F /* Assets.xcassets */; };
		5100251D2134329E00E8B65F /* LaunchScreen.storyboard in Resources */ = {isa = PBXBuildFile; fileRef = 5100251B2134329E00E8B65F /* LaunchScreen.storyboard */; };
		510025252134359D00E8B65F /* ArrowView.swift in Sources */ = {isa = PBXBuildFile; fileRef = 510025242134359D00E8B65F /* ArrowView.swift */; };
		51002527213435BD00E8B65F /* ArrowLayer.swift in Sources */ = {isa = PBXBuildFile; fileRef = 51002526213435BD00E8B65F /* ArrowLayer.swift */; };
/* End PBXBuildFile section */

/* Begin PBXFileReference section */
		5100250F2134329C00E8B65F /* ImplicitLayerAnimation.app */ = {isa = PBXFileReference; explicitFileType = wrapper.application; includeInIndex = 0; path = ImplicitLayerAnimation.app; sourceTree = BUILT_PRODUCTS_DIR; };
		510025122134329C00E8B65F /* AppDelegate.swift */ = {isa = PBXFileReference; lastKnownFileType = sourcecode.swift; path = AppDelegate.swift; sourceTree = "<group>"; };
		510025142134329C00E8B65F /* ViewController.swift */ = {isa = PBXFileReference; lastKnownFileType = sourcecode.swift; path = ViewController.swift; sourceTree = "<group>"; };
		510025172134329C00E8B65F /* Base */ = {isa = PBXFileReference; lastKnownFileType = file.storyboard; name = Base; path = Base.lproj/Main.storyboard; sourceTree = "<group>"; };
		510025192134329E00E8B65F /* Assets.xcassets */ = {isa = PBXFileReference; lastKnownFileType = folder.assetcatalog; path = Assets.xcassets; sourceTree = "<group>"; };
		5100251C2134329E00E8B65F /* Base */ = {isa = PBXFileReference; lastKnownFileType = file.storyboard; name = Base; path = Base.lproj/LaunchScreen.storyboard; sourceTree = "<group>"; };
		5100251E2134329E00E8B65F /* Info.plist */ = {isa = PBXFileReference; lastKnownFileType = text.plist.xml; path = Info.plist; sourceTree = "<group>"; };
		510025242134359D00E8B65F /* ArrowView.swift */ = {isa = PBXFileReference; lastKnownFileType = sourcecode.swift; path = ArrowView.swift; sourceTree = "<group>"; };
		51002526213435BD00E8B65F /* ArrowLayer.swift */ = {isa = PBXFileReference; lastKnownFileType = sourcecode.swift; path = ArrowLayer.swift; sourceTree = "<group>"; };
/* End PBXFileReference section */

/* Begin PBXFrameworksBuildPhase section */
		5100250C2134329C00E8B65F /* Frameworks */ = {
			isa = PBXFrameworksBuildPhase;
			buildActionMask = 2147483647;
			files = (
			);
			runOnlyForDeploymentPostprocessing = 0;
		};
/* End PBXFrameworksBuildPhase section */

/* Begin PBXGroup section */
		510025062134329C00E8B65F = {
			isa = PBXGroup;
			children = (
				510025112134329C00E8B65F /* ImplicitLayerAnimation */,
				510025102134329C00E8B65F /* Products */,
			);
			sourceTree = "<group>";
		};
		510025102134329C00E8B65F /* Products */ = {
			isa = PBXGroup;
			children = (
				5100250F2134329C00E8B65F /* ImplicitLayerAnimation.app */,
			);
			name = Products;
			sourceTree = "<group>";
		};
		510025112134329C00E8B65F /* ImplicitLayerAnimation */ = {
			isa = PBXGroup;
			children = (
				510025122134329C00E8B65F /* AppDelegate.swift */,
				510025142134329C00E8B65F /* ViewController.swift */,
				510025242134359D00E8B65F /* ArrowView.swift */,
				51002526213435BD00E8B65F /* ArrowLayer.swift */,
				510025162134329C00E8B65F /* Main.storyboard */,
				510025192134329E00E8B65F /* Assets.xcassets */,
				5100251B2134329E00E8B65F /* LaunchScreen.storyboard */,
				5100251E2134329E00E8B65F /* Info.plist */,
			);
			path = ImplicitLayerAnimation;
			sourceTree = "<group>";
		};
/* End PBXGroup section */

/* Begin PBXNativeTarget section */
		5100250E2134329C00E8B65F /* ImplicitLayerAnimation */ = {
			isa = PBXNativeTarget;
			buildConfigurationList = 510025212134329E00E8B65F /* Build configuration list for PBXNativeTarget "ImplicitLayerAnimation" */;
			buildPhases = (
				5100250B2134329C00E8B65F /* Sources */,
				5100250C2134329C00E8B65F /* Frameworks */,
				5100250D2134329C00E8B65F /* Resources */,
			);
			buildRules = (
			);
			dependencies = (
			);
			name = ImplicitLayerAnimation;
			productName = ImplicitLayerAnimation;
			productReference = 5100250F2134329C00E8B65F /* ImplicitLayerAnimation.app */;
			productType = "com.apple.product-type.application";
		};
/* End PBXNativeTarget section */

/* Begin PBXProject section */
		510025072134329C00E8B65F /* Project object */ = {
			isa = PBXProject;
			attributes = {
				LastSwiftUpdateCheck = 1000;
				LastUpgradeCheck = 1000;
				ORGANIZATIONNAME = "Mazharul Huq";
				TargetAttributes = {
					5100250E2134329C00E8B65F = {
						CreatedOnToolsVersion = 10.0;
					};
				};
			};
			buildConfigurationList = 5100250A2134329C00E8B65F /* Build configuration list for PBXProject "ImplicitLayerAnimation" */;
			compatibilityVersion = "Xcode 9.3";
			developmentRegion = en;
			hasScannedForEncodings = 0;
			knownRegions = (
				en,
				Base,
			);
			mainGroup = 510025062134329C00E8B65F;
			productRefGroup = 510025102134329C00E8B65F /* Products */;
			projectDirPath = "";
			projectRoot = "";
			targets = (
				5100250E2134329C00E8B65F /* ImplicitLayerAnimation */,
			);
		};
/* End PBXProject section */

/* Begin PBXResourcesBuildPhase section */
		5100250D2134329C00E8B65F /* Resources */ = {
			isa = PBXResourcesBuildPhase;
			buildActionMask = 2147483647;
			files = (
				5100251D2134329E00E8B65F /* LaunchScreen.storyboard in Resources */,
				5100251A2134329E00E8B65F /* Assets.xcassets in Resources */,
				510025182134329C00E8B65F /* Main.storyboard in Resources */,
			);
			runOnlyForDeploymentPostprocessing = 0;
		};
/* End PBXResourcesBuildPhase section */

/* Begin PBXSourcesBuildPhase section */
		5100250B2134329C00E8B65F /* Sources */ = {
			isa = PBXSourcesBuildPhase;
			buildActionMask = 2147483647;
			files = (
				510025152134329C00E8B65F /* ViewController.swift in Sources */,
				510025132134329C00E8B65F /* AppDelegate.swift in Sources */,
				510025252134359D00E8B65F /* ArrowView.swift in Sources */,
				51002527213435BD00E8B65F /* ArrowLayer.swift in Sources */,
			);
			runOnlyForDeploymentPostprocessing = 0;
		};
/* End PBXSourcesBuildPhase section */

/* Begin PBXVariantGroup section */
		510025162134329C00E8B65F /* Main.storyboard */ = {
			isa = PBXVariantGroup;
			children = (
				510025172134329C00E8B65F /* Base */,
			);
			name = Main.storyboard;
			sourceTree = "<group>";
		};
		5100251B2134329E00E8B65F /* LaunchScreen.storyboard */ = {
			isa = PBXVariantGroup;
			children = (
				5100251C2134329E00E8B65F /* Base */,
			);
			name = LaunchScreen.storyboard;
			sourceTree = "<group>";
		};
/* End PBXVariantGroup section */

/* Begin XCBuildConfiguration section */
		5100251F2134329E00E8B65F /* Debug */ = {
			isa = XCBuildConfiguration;
			buildSettings = {
				ALWAYS_SEARCH_USER_PATHS = NO;
				CLANG_ANALYZER_NONNULL = YES;
				CLANG_ANALYZER_NUMBER_OBJECT_CONVERSION = YES_AGGRESSIVE;
				CLANG_CXX_LANGUAGE_STANDARD = "gnu++14";
				CLANG_CXX_LIBRARY = "libc++";
				CLANG_ENABLE_MODULES = YES;
				CLANG_ENABLE_OBJC_ARC = YES;
				CLANG_ENABLE_OBJC_WEAK = YES;
				CLANG_WARN_BLOCK_CAPTURE_AUTORELEASING = YES;
				CLANG_WARN_BOOL_CONVERSION = YES;
				CLANG_WARN_COMMA = YES;
				CLANG_WARN_CONSTANT_CONVERSION = YES;
				CLANG_WARN_DEPRECATED_OBJC_IMPLEMENTATIONS = YES;
				CLANG_WARN_DIRECT_OBJC_ISA_USAGE = YES_ERROR;
				CLANG_WARN_DOCUMENTATION_COMMENTS = YES;
				CLANG_WARN_EMPTY_BODY = YES;
				CLANG_WARN_ENUM_CONVERSION = YES;
				CLANG_WARN_INFINITE_RECURSION = YES;
				CLANG_WARN_INT_CONVERSION = YES;
				CLANG_WARN_NON_LITERAL_NULL_CONVERSION = YES;
				CLANG_WARN_OBJC_IMPLICIT_RETAIN_SELF = YES;
				CLANG_WARN_OBJC_LITERAL_CONVERSION = YES;
				CLANG_WARN_OBJC_ROOT_CLASS = YES_ERROR;
				CLANG_WARN_RANGE_LOOP_ANALYSIS = YES;
				CLANG_WARN_STRICT_PROTOTYPES = YES;
				CLANG_WARN_SUSPICIOUS_MOVE = YES;
				CLANG_WARN_UNGUARDED_AVAILABILITY = YES_AGGRESSIVE;
				CLANG_WARN_UNREACHABLE_CODE = YES;
				CLANG_WARN__DUPLICATE_METHOD_MATCH = YES;
				CODE_SIGN_IDENTITY = "iPhone Developer";
				COPY_PHASE_STRIP = NO;
				DEBUG_INFORMATION_FORMAT = dwarf;
				ENABLE_STRICT_OBJC_MSGSEND = YES;
				ENABLE_TESTABILITY = YES;
				GCC_C_LANGUAGE_STANDARD = gnu11;
				GCC_DYNAMIC_NO_PIC = NO;
				GCC_NO_COMMON_BLOCKS = YES;
				GCC_OPTIMIZATION_LEVEL = 0;
				GCC_PREPROCESSOR_DEFINITIONS = (
					"DEBUG=1",
					"$(inherited)",
				);
				GCC_WARN_64_TO_32_BIT_CONVERSION = YES;
				GCC_WARN_ABOUT_RETURN_TYPE = YES_ERROR;
				GCC_WARN_UNDECLARED_SELECTOR = YES;
				GCC_WARN_UNINITIALIZED_AUTOS = YES_AGGRESSIVE;
				GCC_WARN_UNUSED_FUNCTION = YES;
				GCC_WARN_UNUSED_VARIABLE = YES;
				IPHONEOS_DEPLOYMENT_TARGET = 12.0;
				MTL_ENABLE_DEBUG_INFO = INCLUDE_SOURCE;
				MTL_FAST_MATH = YES;
				ONLY_ACTIVE_ARCH = YES;
				SDKROOT = iphoneos;
				SWIFT_ACTIVE_COMPILATION_CONDITIONS = DEBUG;
				SWIFT_OPTIMIZATION_LEVEL = "-Onone";
			};
			name = Debug;
		};
		510025202134329E00E8B65F /* Release */ = {
			isa = XCBuildConfiguration;
			buildSettings = {
				ALWAYS_SEARCH_USER_PATHS = NO;
				CLANG_ANALYZER_NONNULL = YES;
				CLANG_ANALYZER_NUMBER_OBJECT_CONVERSION = YES_AGGRESSIVE;
				CLANG_CXX_LANGUAGE_STANDARD = "gnu++14";
				CLANG_CXX_LIBRARY = "libc++";
				CLANG_ENABLE_MODULES = YES;
				CLANG_ENABLE_OBJC_ARC = YES;
				CLANG_ENABLE_OBJC_WEAK = YES;
				CLANG_WARN_BLOCK_CAPTURE_AUTORELEASING = YES;
				CLANG_WARN_BOOL_CONVERSION = YES;
				CLANG_WARN_COMMA = YES;
				CLANG_WARN_CONSTANT_CONVERSION = YES;
				CLANG_WARN_DEPRECATED_OBJC_IMPLEMENTATIONS = YES;
				CLANG_WARN_DIRECT_OBJC_ISA_USAGE = YES_ERROR;
				CLANG_WARN_DOCUMENTATION_COMMENTS = YES;
				CLANG_WARN_EMPTY_BODY = YES;
				CLANG_WARN_ENUM_CONVERSION = YES;
				CLANG_WARN_INFINITE_RECURSION = YES;
				CLANG_WARN_INT_CONVERSION = YES;
				CLANG_WARN_NON_LITERAL_NULL_CONVERSION = YES;
				CLANG_WARN_OBJC_IMPLICIT_RETAIN_SELF = YES;
				CLANG_WARN_OBJC_LITERAL_CONVERSION = YES;
				CLANG_WARN_OBJC_ROOT_CLASS = YES_ERROR;
				CLANG_WARN_RANGE_LOOP_ANALYSIS = YES;
				CLANG_WARN_STRICT_PROTOTYPES = YES;
				CLANG_WARN_SUSPICIOUS_MOVE = YES;
				CLANG_WARN_UNGUARDED_AVAILABILITY = YES_AGGRESSIVE;
				CLANG_WARN_UNREACHABLE_CODE = YES;
				CLANG_WARN__DUPLICATE_METHOD_MATCH = YES;
				CODE_SIGN_IDENTITY = "iPhone Developer";
				COPY_PHASE_STRIP = NO;
				DEBUG_INFORMATION_FORMAT = "dwarf-with-dsym";
				ENABLE_NS_ASSERTIONS = NO;
				ENABLE_STRICT_OBJC_MSGSEND = YES;
				GCC_C_LANGUAGE_STANDARD = gnu11;
				GCC_NO_COMMON_BLOCKS = YES;
				GCC_WARN_64_TO_32_BIT_CONVERSION = YES;
				GCC_WARN_ABOUT_RETURN_TYPE = YES_ERROR;
				GCC_WARN_UNDECLARED_SELECTOR = YES;
				GCC_WARN_UNINITIALIZED_AUTOS = YES_AGGRESSIVE;
				GCC_WARN_UNUSED_FUNCTION = YES;
				GCC_WARN_UNUSED_VARIABLE = YES;
				IPHONEOS_DEPLOYMENT_TARGET = 12.0;
				MTL_ENABLE_DEBUG_INFO = NO;
				MTL_FAST_MATH = YES;
				SDKROOT = iphoneos;
				SWIFT_COMPILATION_MODE = wholemodule;
				SWIFT_OPTIMIZATION_LEVEL = "-O";
				VALIDATE_PRODUCT = YES;
			};
			name = Release;
		};
		510025222134329E00E8B65F /* Debug */ = {
			isa = XCBuildConfiguration;
			buildSettings = {
				ASSETCATALOG_COMPILER_APPICON_NAME = AppIcon;
				CODE_SIGN_STYLE = Automatic;
				DEVELOPMENT_TEAM = R77BD8MPA8;
				INFOPLIST_FILE = ImplicitLayerAnimation/Info.plist;
				LD_RUNPATH_SEARCH_PATHS = (
					"$(inherited)",
					"@executable_path/Frameworks",
				);
				PRODUCT_BUNDLE_IDENTIFIER = com.mazharul.huq.ImplicitLayerAnimation;
				PRODUCT_NAME = "$(TARGET_NAME)";
				SWIFT_VERSION = 4.2;
				TARGETED_DEVICE_FAMILY = "1,2";
			};
			name = Debug;
		};
		510025232134329E00E8B65F /* Release */ = {
			isa = XCBuildConfiguration;
			buildSettings = {
				ASSETCATALOG_COMPILER_APPICON_NAME = AppIcon;
				CODE_SIGN_STYLE = Automatic;
				DEVELOPMENT_TEAM = R77BD8MPA8;
				INFOPLIST_FILE = ImplicitLayerAnimation/Info.plist;
				LD_RUNPATH_SEARCH_PATHS = (
					"$(inherited)",
					"@executable_path/Frameworks",
				);
				PRODUCT_BUNDLE_IDENTIFIER = com.mazharul.huq.ImplicitLayerAnimation;
				PRODUCT_NAME = "$(TARGET_NAME)";
				SWIFT_VERSION = 4.2;
				TARGETED_DEVICE_FAMILY = "1,2";
			};
			name = Release;
		};
/* End XCBuildConfiguration section */

/* Begin XCConfigurationList section */
		5100250A2134329C00E8B65F /* Build configuration list for PBXProject "ImplicitLayerAnimation" */ = {
			isa = XCConfigurationList;
			buildConfigurations = (
				5100251F2134329E00E8B65F /* Debug */,
				510025202134329E00E8B65F /* Release */,
			);
			defaultConfigurationIsVisible = 0;
			defaultConfigurationName = Release;
		};
		510025212134329E00E8B65F /* Build configuration list for PBXNativeTarget "ImplicitLayerAnimation" */ = {
			isa = XCConfigurationList;
			buildConfigurations = (
				510025222134329E00E8B65F /* Debug */,
				510025232134329E00E8B65F /* Release */,
			);
			defaultConfigurationIsVisible = 0;
			defaultConfigurationName = Release;
		};
/* End XCConfigurationList section */
	};
	rootObject = 510025072134329C00E8B65F /* Project object */;
}
